// !$*UTF8*$!
{
	archiveVersion = 1;
	classes = {
	};
	objectVersion = 50;
	objects = {

/* Begin PBXBuildFile section */
		96A7BF6A260A623F009178E9 /* CurrentWeatherData.swift in Sources */ = {isa = PBXBuildFile; fileRef = 96A7BF69260A623F009178E9 /* CurrentWeatherData.swift */; };
		96A7BF72260A6687009178E9 /* CurrentWeather.swift in Sources */ = {isa = PBXBuildFile; fileRef = 96A7BF71260A6687009178E9 /* CurrentWeather.swift */; };
		96A7BF78260AA4E4009178E9 /* DayViewModel.swift in Sources */ = {isa = PBXBuildFile; fileRef = 96A7BF77260AA4E4009178E9 /* DayViewModel.swift */; };
		96A7BF81260AA551009178E9 /* WeekViewModel.swift in Sources */ = {isa = PBXBuildFile; fileRef = 96A7BF80260AA551009178E9 /* WeekViewModel.swift */; };
		96A7BF8C260AA605009178E9 /* ForeCastWeatherData.swift in Sources */ = {isa = PBXBuildFile; fileRef = 96A7BF8B260AA605009178E9 /* ForeCastWeatherData.swift */; };
		96A7BF94260AA68E009178E9 /* ForecastWeather.swift in Sources */ = {isa = PBXBuildFile; fileRef = 96A7BF93260AA68E009178E9 /* ForecastWeather.swift */; };
		96B4B9DC260A21F0006A944C /* AppDelegate.swift in Sources */ = {isa = PBXBuildFile; fileRef = 96B4B9DB260A21F0006A944C /* AppDelegate.swift */; };
		96B4B9DE260A21F0006A944C /* SceneDelegate.swift in Sources */ = {isa = PBXBuildFile; fileRef = 96B4B9DD260A21F0006A944C /* SceneDelegate.swift */; };
		96B4B9E0260A21F0006A944C /* RootViewController.swift in Sources */ = {isa = PBXBuildFile; fileRef = 96B4B9DF260A21F0006A944C /* RootViewController.swift */; };
		96B4B9E3260A21F0006A944C /* Main.storyboard in Resources */ = {isa = PBXBuildFile; fileRef = 96B4B9E1260A21F0006A944C /* Main.storyboard */; };
		96B4B9E5260A21F0006A944C /* Assets.xcassets in Resources */ = {isa = PBXBuildFile; fileRef = 96B4B9E4260A21F0006A944C /* Assets.xcassets */; };
		96B4B9E8260A21F0006A944C /* LaunchScreen.storyboard in Resources */ = {isa = PBXBuildFile; fileRef = 96B4B9E6260A21F0006A944C /* LaunchScreen.storyboard */; };
		96B4B9FE260A21F1006A944C /* RaintaculousUITests.swift in Sources */ = {isa = PBXBuildFile; fileRef = 96B4B9FD260A21F1006A944C /* RaintaculousUITests.swift */; };
		96E1BD1E260A31E000ED1430 /* DayViewController.swift in Sources */ = {isa = PBXBuildFile; fileRef = 96E1BD1D260A31E000ED1430 /* DayViewController.swift */; };
		96E1BD27260A323300ED1430 /* WeekViewController.swift in Sources */ = {isa = PBXBuildFile; fileRef = 96E1BD26260A323300ED1430 /* WeekViewController.swift */; };
		96E1BD30260A32FE00ED1430 /* UIViewController.swift in Sources */ = {isa = PBXBuildFile; fileRef = 96E1BD2F260A32FE00ED1430 /* UIViewController.swift */; };
		96E1BD38260A336900ED1430 /* UIStoryboard.swift in Sources */ = {isa = PBXBuildFile; fileRef = 96E1BD37260A336900ED1430 /* UIStoryboard.swift */; };
		96E1BD47260A41FD00ED1430 /* WeatherRequest.swift in Sources */ = {isa = PBXBuildFile; fileRef = 96E1BD46260A41FD00ED1430 /* WeatherRequest.swift */; };
		96E1BD50260A447800ED1430 /* Configuration.swift in Sources */ = {isa = PBXBuildFile; fileRef = 96E1BD4F260A447800ED1430 /* Configuration.swift */; };
		96E1BD62260A4F1A00ED1430 /* RootViewModel.swift in Sources */ = {isa = PBXBuildFile; fileRef = 96E1BD61260A4F1A00ED1430 /* RootViewModel.swift */; };
		96EB2288260B38AF00E38E9C /* Styles.swift in Sources */ = {isa = PBXBuildFile; fileRef = 96EB2287260B38AF00E38E9C /* Styles.swift */; };
		96EB228D260B4EEC00E38E9C /* UIImage.swift in Sources */ = {isa = PBXBuildFile; fileRef = 96EB228C260B4EEC00E38E9C /* UIImage.swift */; };
		96EB22A0260B5C0E00E38E9C /* DayViewModelTests.swift in Sources */ = {isa = PBXBuildFile; fileRef = 96EB229F260B5C0E00E38E9C /* DayViewModelTests.swift */; };
		96EB22A9260B5CC700E38E9C /* CurrentWeather.json in Resources */ = {isa = PBXBuildFile; fileRef = 96EB22A8260B5CC700E38E9C /* CurrentWeather.json */; };
		96EB22B2260B5D7300E38E9C /* XCTestCase.swift in Sources */ = {isa = PBXBuildFile; fileRef = 96EB22B1260B5D7300E38E9C /* XCTestCase.swift */; };
		96EB22BB260B6BBD00E38E9C /* WeekDayTableViewCell.swift in Sources */ = {isa = PBXBuildFile; fileRef = 96EB22BA260B6BBD00E38E9C /* WeekDayTableViewCell.swift */; };
		96EB22C0260B749800E38E9C /* WeekDayViewModel.swift in Sources */ = {isa = PBXBuildFile; fileRef = 96EB22BF260B749800E38E9C /* WeekDayViewModel.swift */; };
		96EB22C6260B7A1F00E38E9C /* WeekDayRepresentable.swift in Sources */ = {isa = PBXBuildFile; fileRef = 96EB22C5260B7A1F00E38E9C /* WeekDayRepresentable.swift */; };
/* End PBXBuildFile section */

/* Begin PBXContainerItemProxy section */
		96B4B9EF260A21F1006A944C /* PBXContainerItemProxy */ = {
			isa = PBXContainerItemProxy;
			containerPortal = 96B4B9D0260A21F0006A944C /* Project object */;
			proxyType = 1;
			remoteGlobalIDString = 96B4B9D7260A21F0006A944C;
			remoteInfo = Raintaculous;
		};
		96B4B9FA260A21F1006A944C /* PBXContainerItemProxy */ = {
			isa = PBXContainerItemProxy;
			containerPortal = 96B4B9D0260A21F0006A944C /* Project object */;
			proxyType = 1;
			remoteGlobalIDString = 96B4B9D7260A21F0006A944C;
			remoteInfo = Raintaculous;
		};
/* End PBXContainerItemProxy section */

/* Begin PBXFileReference section */
		96A7BF69260A623F009178E9 /* CurrentWeatherData.swift */ = {isa = PBXFileReference; lastKnownFileType = sourcecode.swift; path = CurrentWeatherData.swift; sourceTree = "<group>"; };
		96A7BF71260A6687009178E9 /* CurrentWeather.swift */ = {isa = PBXFileReference; lastKnownFileType = sourcecode.swift; path = CurrentWeather.swift; sourceTree = "<group>"; };
		96A7BF77260AA4E4009178E9 /* DayViewModel.swift */ = {isa = PBXFileReference; lastKnownFileType = sourcecode.swift; path = DayViewModel.swift; sourceTree = "<group>"; };
		96A7BF80260AA551009178E9 /* WeekViewModel.swift */ = {isa = PBXFileReference; lastKnownFileType = sourcecode.swift; path = WeekViewModel.swift; sourceTree = "<group>"; };
		96A7BF8B260AA605009178E9 /* ForeCastWeatherData.swift */ = {isa = PBXFileReference; lastKnownFileType = sourcecode.swift; path = ForeCastWeatherData.swift; sourceTree = "<group>"; };
		96A7BF93260AA68E009178E9 /* ForecastWeather.swift */ = {isa = PBXFileReference; lastKnownFileType = sourcecode.swift; path = ForecastWeather.swift; sourceTree = "<group>"; };
		96B4B9D8260A21F0006A944C /* Raintaculous.app */ = {isa = PBXFileReference; explicitFileType = wrapper.application; includeInIndex = 0; path = Raintaculous.app; sourceTree = BUILT_PRODUCTS_DIR; };
		96B4B9DB260A21F0006A944C /* AppDelegate.swift */ = {isa = PBXFileReference; lastKnownFileType = sourcecode.swift; path = AppDelegate.swift; sourceTree = "<group>"; };
		96B4B9DD260A21F0006A944C /* SceneDelegate.swift */ = {isa = PBXFileReference; lastKnownFileType = sourcecode.swift; path = SceneDelegate.swift; sourceTree = "<group>"; };
		96B4B9DF260A21F0006A944C /* RootViewController.swift */ = {isa = PBXFileReference; lastKnownFileType = sourcecode.swift; path = RootViewController.swift; sourceTree = "<group>"; };
		96B4B9E2260A21F0006A944C /* Base */ = {isa = PBXFileReference; lastKnownFileType = file.storyboard; name = Base; path = Base.lproj/Main.storyboard; sourceTree = "<group>"; };
		96B4B9E4260A21F0006A944C /* Assets.xcassets */ = {isa = PBXFileReference; lastKnownFileType = folder.assetcatalog; path = Assets.xcassets; sourceTree = "<group>"; };
		96B4B9E7260A21F0006A944C /* Base */ = {isa = PBXFileReference; lastKnownFileType = file.storyboard; name = Base; path = Base.lproj/LaunchScreen.storyboard; sourceTree = "<group>"; };
		96B4B9E9260A21F0006A944C /* Info.plist */ = {isa = PBXFileReference; lastKnownFileType = text.plist.xml; path = Info.plist; sourceTree = "<group>"; };
		96B4B9EE260A21F1006A944C /* RaintaculousTests.xctest */ = {isa = PBXFileReference; explicitFileType = wrapper.cfbundle; includeInIndex = 0; path = RaintaculousTests.xctest; sourceTree = BUILT_PRODUCTS_DIR; };
		96B4B9F4260A21F1006A944C /* Info.plist */ = {isa = PBXFileReference; lastKnownFileType = text.plist.xml; path = Info.plist; sourceTree = "<group>"; };
		96B4B9F9260A21F1006A944C /* RaintaculousUITests.xctest */ = {isa = PBXFileReference; explicitFileType = wrapper.cfbundle; includeInIndex = 0; path = RaintaculousUITests.xctest; sourceTree = BUILT_PRODUCTS_DIR; };
		96B4B9FD260A21F1006A944C /* RaintaculousUITests.swift */ = {isa = PBXFileReference; lastKnownFileType = sourcecode.swift; path = RaintaculousUITests.swift; sourceTree = "<group>"; };
		96B4B9FF260A21F1006A944C /* Info.plist */ = {isa = PBXFileReference; lastKnownFileType = text.plist.xml; path = Info.plist; sourceTree = "<group>"; };
		96E1BD1D260A31E000ED1430 /* DayViewController.swift */ = {isa = PBXFileReference; lastKnownFileType = sourcecode.swift; path = DayViewController.swift; sourceTree = "<group>"; };
		96E1BD26260A323300ED1430 /* WeekViewController.swift */ = {isa = PBXFileReference; lastKnownFileType = sourcecode.swift; path = WeekViewController.swift; sourceTree = "<group>"; };
		96E1BD2F260A32FE00ED1430 /* UIViewController.swift */ = {isa = PBXFileReference; lastKnownFileType = sourcecode.swift; path = UIViewController.swift; sourceTree = "<group>"; };
		96E1BD37260A336900ED1430 /* UIStoryboard.swift */ = {isa = PBXFileReference; lastKnownFileType = sourcecode.swift; path = UIStoryboard.swift; sourceTree = "<group>"; };
		96E1BD46260A41FD00ED1430 /* WeatherRequest.swift */ = {isa = PBXFileReference; lastKnownFileType = sourcecode.swift; path = WeatherRequest.swift; sourceTree = "<group>"; };
		96E1BD4F260A447800ED1430 /* Configuration.swift */ = {isa = PBXFileReference; lastKnownFileType = sourcecode.swift; path = Configuration.swift; sourceTree = "<group>"; };
		96E1BD61260A4F1A00ED1430 /* RootViewModel.swift */ = {isa = PBXFileReference; lastKnownFileType = sourcecode.swift; path = RootViewModel.swift; sourceTree = "<group>"; };
		96EB2287260B38AF00E38E9C /* Styles.swift */ = {isa = PBXFileReference; lastKnownFileType = sourcecode.swift; path = Styles.swift; sourceTree = "<group>"; };
		96EB228C260B4EEC00E38E9C /* UIImage.swift */ = {isa = PBXFileReference; lastKnownFileType = sourcecode.swift; path = UIImage.swift; sourceTree = "<group>"; };
		96EB229F260B5C0E00E38E9C /* DayViewModelTests.swift */ = {isa = PBXFileReference; lastKnownFileType = sourcecode.swift; path = DayViewModelTests.swift; sourceTree = "<group>"; };
		96EB22A8260B5CC700E38E9C /* CurrentWeather.json */ = {isa = PBXFileReference; lastKnownFileType = text.json; path = CurrentWeather.json; sourceTree = "<group>"; };
		96EB22B1260B5D7300E38E9C /* XCTestCase.swift */ = {isa = PBXFileReference; lastKnownFileType = sourcecode.swift; path = XCTestCase.swift; sourceTree = "<group>"; };
		96EB22BA260B6BBD00E38E9C /* WeekDayTableViewCell.swift */ = {isa = PBXFileReference; lastKnownFileType = sourcecode.swift; path = WeekDayTableViewCell.swift; sourceTree = "<group>"; };
		96EB22BF260B749800E38E9C /* WeekDayViewModel.swift */ = {isa = PBXFileReference; lastKnownFileType = sourcecode.swift; path = WeekDayViewModel.swift; sourceTree = "<group>"; };
		96EB22C5260B7A1F00E38E9C /* WeekDayRepresentable.swift */ = {isa = PBXFileReference; lastKnownFileType = sourcecode.swift; path = WeekDayRepresentable.swift; sourceTree = "<group>"; };
/* End PBXFileReference section */

/* Begin PBXFrameworksBuildPhase section */
		96B4B9D5260A21F0006A944C /* Frameworks */ = {
			isa = PBXFrameworksBuildPhase;
			buildActionMask = 2147483647;
			files = (
			);
			runOnlyForDeploymentPostprocessing = 0;
		};
		96B4B9EB260A21F1006A944C /* Frameworks */ = {
			isa = PBXFrameworksBuildPhase;
			buildActionMask = 2147483647;
			files = (
			);
			runOnlyForDeploymentPostprocessing = 0;
		};
		96B4B9F6260A21F1006A944C /* Frameworks */ = {
			isa = PBXFrameworksBuildPhase;
			buildActionMask = 2147483647;
			files = (
			);
			runOnlyForDeploymentPostprocessing = 0;
		};
/* End PBXFrameworksBuildPhase section */

/* Begin PBXGroup section */
		96A7BF68260A622D009178E9 /* Protocols */ = {
			isa = PBXGroup;
			children = (
				96A7BF69260A623F009178E9 /* CurrentWeatherData.swift */,
				96A7BF8B260AA605009178E9 /* ForeCastWeatherData.swift */,
			);
			path = Protocols;
			sourceTree = "<group>";
		};
		96A7BF76260AA4D8009178E9 /* View Models */ = {
			isa = PBXGroup;
			children = (
				96A7BF77260AA4E4009178E9 /* DayViewModel.swift */,
			);
			path = "View Models";
			sourceTree = "<group>";
		};
		96A7BF7F260AA53D009178E9 /* View Models */ = {
			isa = PBXGroup;
			children = (
				96A7BF80260AA551009178E9 /* WeekViewModel.swift */,
				96EB22BF260B749800E38E9C /* WeekDayViewModel.swift */,
			);
			path = "View Models";
			sourceTree = "<group>";
		};
		96B4B9CF260A21F0006A944C = {
			isa = PBXGroup;
			children = (
				96B4B9DA260A21F0006A944C /* Raintaculous */,
				96B4B9F1260A21F1006A944C /* RaintaculousTests */,
				96B4B9FC260A21F1006A944C /* RaintaculousUITests */,
				96B4B9D9260A21F0006A944C /* Products */,
			);
			sourceTree = "<group>";
		};
		96B4B9D9260A21F0006A944C /* Products */ = {
			isa = PBXGroup;
			children = (
				96B4B9D8260A21F0006A944C /* Raintaculous.app */,
				96B4B9EE260A21F1006A944C /* RaintaculousTests.xctest */,
				96B4B9F9260A21F1006A944C /* RaintaculousUITests.xctest */,
			);
			name = Products;
			sourceTree = "<group>";
		};
		96B4B9DA260A21F0006A944C /* Raintaculous */ = {
			isa = PBXGroup;
			children = (
				96A7BF68260A622D009178E9 /* Protocols */,
				96E1BD4E260A446D00ED1430 /* Configuration */,
				96E1BD45260A41ED00ED1430 /* Models */,
				96E1BD2E260A32EB00ED1430 /* Extensions */,
				96B4BA1B260A2EC5006A944C /* Supporting Files */,
				96B4BA1A260A2EAE006A944C /* Resources */,
				96B4BA19260A2E9B006A944C /* Storyboards */,
				96B4BA14260A2D7F006A944C /* View Controllers */,
				96B4BA13260A2D37006A944C /* Application Delegate */,
			);
			path = Raintaculous;
			sourceTree = "<group>";
		};
		96B4B9F1260A21F1006A944C /* RaintaculousTests */ = {
			isa = PBXGroup;
			children = (
				96EB22B0260B5CFD00E38E9C /* Extensions */,
				96EB22A7260B5C9800E38E9C /* Stubs */,
				96EB229E260B5B7500E38E9C /* Test Cases */,
				96EB2297260B5AE700E38E9C /* Supporting Files */,
			);
			path = RaintaculousTests;
			sourceTree = "<group>";
		};
		96B4B9FC260A21F1006A944C /* RaintaculousUITests */ = {
			isa = PBXGroup;
			children = (
				96B4B9FD260A21F1006A944C /* RaintaculousUITests.swift */,
				96B4B9FF260A21F1006A944C /* Info.plist */,
			);
			path = RaintaculousUITests;
			sourceTree = "<group>";
		};
		96B4BA13260A2D37006A944C /* Application Delegate */ = {
			isa = PBXGroup;
			children = (
				96B4B9DD260A21F0006A944C /* SceneDelegate.swift */,
				96B4B9DB260A21F0006A944C /* AppDelegate.swift */,
			);
			path = "Application Delegate";
			sourceTree = "<group>";
		};
		96B4BA14260A2D7F006A944C /* View Controllers */ = {
			isa = PBXGroup;
			children = (
				96E1BD1B260A31B300ED1430 /* Weather View Controllers */,
				96B4BA15260A2D9A006A944C /* Root View Controller */,
			);
			path = "View Controllers";
			sourceTree = "<group>";
		};
		96B4BA15260A2D9A006A944C /* Root View Controller */ = {
			isa = PBXGroup;
			children = (
				96E1BD60260A4F0800ED1430 /* ViewModels */,
				96B4B9DF260A21F0006A944C /* RootViewController.swift */,
			);
			path = "Root View Controller";
			sourceTree = "<group>";
		};
		96B4BA19260A2E9B006A944C /* Storyboards */ = {
			isa = PBXGroup;
			children = (
				96B4B9E6260A21F0006A944C /* LaunchScreen.storyboard */,
				96B4B9E1260A21F0006A944C /* Main.storyboard */,
			);
			path = Storyboards;
			sourceTree = "<group>";
		};
		96B4BA1A260A2EAE006A944C /* Resources */ = {
			isa = PBXGroup;
			children = (
				96B4B9E4260A21F0006A944C /* Assets.xcassets */,
			);
			path = Resources;
			sourceTree = "<group>";
		};
		96B4BA1B260A2EC5006A944C /* Supporting Files */ = {
			isa = PBXGroup;
			children = (
				96B4B9E9260A21F0006A944C /* Info.plist */,
			);
			path = "Supporting Files";
			sourceTree = "<group>";
		};
		96E1BD1B260A31B300ED1430 /* Weather View Controllers */ = {
			isa = PBXGroup;
			children = (
				96E1BD25260A321B00ED1430 /* Week View Controller */,
				96E1BD1C260A31BA00ED1430 /* Day View Controllers */,
			);
			path = "Weather View Controllers";
			sourceTree = "<group>";
		};
		96E1BD1C260A31BA00ED1430 /* Day View Controllers */ = {
			isa = PBXGroup;
			children = (
				96A7BF76260AA4D8009178E9 /* View Models */,
				96E1BD1D260A31E000ED1430 /* DayViewController.swift */,
			);
			path = "Day View Controllers";
			sourceTree = "<group>";
		};
		96E1BD25260A321B00ED1430 /* Week View Controller */ = {
			isa = PBXGroup;
			children = (
				96EB22C4260B7A0A00E38E9C /* Protocols */,
				96EB22B9260B6B9000E38E9C /* Table View Cells */,
				96A7BF7F260AA53D009178E9 /* View Models */,
				96E1BD26260A323300ED1430 /* WeekViewController.swift */,
			);
			path = "Week View Controller";
			sourceTree = "<group>";
		};
		96E1BD2E260A32EB00ED1430 /* Extensions */ = {
			isa = PBXGroup;
			children = (
				96E1BD2F260A32FE00ED1430 /* UIViewController.swift */,
				96E1BD37260A336900ED1430 /* UIStoryboard.swift */,
				96EB228C260B4EEC00E38E9C /* UIImage.swift */,
			);
			path = Extensions;
			sourceTree = "<group>";
		};
		96E1BD45260A41ED00ED1430 /* Models */ = {
			isa = PBXGroup;
			children = (
				96E1BD46260A41FD00ED1430 /* WeatherRequest.swift */,
				96A7BF71260A6687009178E9 /* CurrentWeather.swift */,
				96A7BF93260AA68E009178E9 /* ForecastWeather.swift */,
			);
			path = Models;
			sourceTree = "<group>";
		};
		96E1BD4E260A446D00ED1430 /* Configuration */ = {
			isa = PBXGroup;
			children = (
				96E1BD4F260A447800ED1430 /* Configuration.swift */,
				96EB2287260B38AF00E38E9C /* Styles.swift */,
			);
			path = Configuration;
			sourceTree = "<group>";
		};
		96E1BD60260A4F0800ED1430 /* ViewModels */ = {
			isa = PBXGroup;
			children = (
				96E1BD61260A4F1A00ED1430 /* RootViewModel.swift */,
			);
			path = ViewModels;
			sourceTree = "<group>";
		};
		96EB2297260B5AE700E38E9C /* Supporting Files */ = {
			isa = PBXGroup;
			children = (
				96B4B9F4260A21F1006A944C /* Info.plist */,
			);
			path = "Supporting Files";
			sourceTree = "<group>";
		};
		96EB229E260B5B7500E38E9C /* Test Cases */ = {
			isa = PBXGroup;
			children = (
				96EB229F260B5C0E00E38E9C /* DayViewModelTests.swift */,
			);
			path = "Test Cases";
			sourceTree = "<group>";
		};
		96EB22A7260B5C9800E38E9C /* Stubs */ = {
			isa = PBXGroup;
			children = (
				96EB22A8260B5CC700E38E9C /* CurrentWeather.json */,
			);
			path = Stubs;
			sourceTree = "<group>";
		};
		96EB22B0260B5CFD00E38E9C /* Extensions */ = {
			isa = PBXGroup;
			children = (
				96EB22B1260B5D7300E38E9C /* XCTestCase.swift */,
			);
			path = Extensions;
			sourceTree = "<group>";
		};
		96EB22B9260B6B9000E38E9C /* Table View Cells */ = {
			isa = PBXGroup;
			children = (
				96EB22BA260B6BBD00E38E9C /* WeekDayTableViewCell.swift */,
			);
			path = "Table View Cells";
			sourceTree = "<group>";
		};
		96EB22C4260B7A0A00E38E9C /* Protocols */ = {
			isa = PBXGroup;
			children = (
				96EB22C5260B7A1F00E38E9C /* WeekDayRepresentable.swift */,
			);
			path = Protocols;
			sourceTree = "<group>";
		};
/* End PBXGroup section */

/* Begin PBXNativeTarget section */
		96B4B9D7260A21F0006A944C /* Raintaculous */ = {
			isa = PBXNativeTarget;
			buildConfigurationList = 96B4BA02260A21F1006A944C /* Build configuration list for PBXNativeTarget "Raintaculous" */;
			buildPhases = (
				96B4B9D4260A21F0006A944C /* Sources */,
				96B4B9D5260A21F0006A944C /* Frameworks */,
				96B4B9D6260A21F0006A944C /* Resources */,
			);
			buildRules = (
			);
			dependencies = (
			);
			name = Raintaculous;
			productName = Raintaculous;
			productReference = 96B4B9D8260A21F0006A944C /* Raintaculous.app */;
			productType = "com.apple.product-type.application";
		};
		96B4B9ED260A21F1006A944C /* RaintaculousTests */ = {
			isa = PBXNativeTarget;
			buildConfigurationList = 96B4BA05260A21F1006A944C /* Build configuration list for PBXNativeTarget "RaintaculousTests" */;
			buildPhases = (
				96B4B9EA260A21F1006A944C /* Sources */,
				96B4B9EB260A21F1006A944C /* Frameworks */,
				96B4B9EC260A21F1006A944C /* Resources */,
			);
			buildRules = (
			);
			dependencies = (
				96B4B9F0260A21F1006A944C /* PBXTargetDependency */,
			);
			name = RaintaculousTests;
			productName = RaintaculousTests;
			productReference = 96B4B9EE260A21F1006A944C /* RaintaculousTests.xctest */;
			productType = "com.apple.product-type.bundle.unit-test";
		};
		96B4B9F8260A21F1006A944C /* RaintaculousUITests */ = {
			isa = PBXNativeTarget;
			buildConfigurationList = 96B4BA08260A21F1006A944C /* Build configuration list for PBXNativeTarget "RaintaculousUITests" */;
			buildPhases = (
				96B4B9F5260A21F1006A944C /* Sources */,
				96B4B9F6260A21F1006A944C /* Frameworks */,
				96B4B9F7260A21F1006A944C /* Resources */,
			);
			buildRules = (
			);
			dependencies = (
				96B4B9FB260A21F1006A944C /* PBXTargetDependency */,
			);
			name = RaintaculousUITests;
			productName = RaintaculousUITests;
			productReference = 96B4B9F9260A21F1006A944C /* RaintaculousUITests.xctest */;
			productType = "com.apple.product-type.bundle.ui-testing";
		};
/* End PBXNativeTarget section */

/* Begin PBXProject section */
		96B4B9D0260A21F0006A944C /* Project object */ = {
			isa = PBXProject;
			attributes = {
				LastSwiftUpdateCheck = 1240;
				LastUpgradeCheck = 1240;
				TargetAttributes = {
					96B4B9D7260A21F0006A944C = {
						CreatedOnToolsVersion = 12.4;
					};
					96B4B9ED260A21F1006A944C = {
						CreatedOnToolsVersion = 12.4;
						LastSwiftMigration = 1240;
						TestTargetID = 96B4B9D7260A21F0006A944C;
					};
					96B4B9F8260A21F1006A944C = {
						CreatedOnToolsVersion = 12.4;
						TestTargetID = 96B4B9D7260A21F0006A944C;
					};
				};
			};
			buildConfigurationList = 96B4B9D3260A21F0006A944C /* Build configuration list for PBXProject "Raintaculous" */;
			compatibilityVersion = "Xcode 9.3";
			developmentRegion = en;
			hasScannedForEncodings = 0;
			knownRegions = (
				en,
				Base,
			);
			mainGroup = 96B4B9CF260A21F0006A944C;
			productRefGroup = 96B4B9D9260A21F0006A944C /* Products */;
			projectDirPath = "";
			projectRoot = "";
			targets = (
				96B4B9D7260A21F0006A944C /* Raintaculous */,
				96B4B9ED260A21F1006A944C /* RaintaculousTests */,
				96B4B9F8260A21F1006A944C /* RaintaculousUITests */,
			);
		};
/* End PBXProject section */

/* Begin PBXResourcesBuildPhase section */
		96B4B9D6260A21F0006A944C /* Resources */ = {
			isa = PBXResourcesBuildPhase;
			buildActionMask = 2147483647;
			files = (
				96B4B9E8260A21F0006A944C /* LaunchScreen.storyboard in Resources */,
				96B4B9E5260A21F0006A944C /* Assets.xcassets in Resources */,
				96B4B9E3260A21F0006A944C /* Main.storyboard in Resources */,
			);
			runOnlyForDeploymentPostprocessing = 0;
		};
		96B4B9EC260A21F1006A944C /* Resources */ = {
			isa = PBXResourcesBuildPhase;
			buildActionMask = 2147483647;
			files = (
				96EB22A9260B5CC700E38E9C /* CurrentWeather.json in Resources */,
			);
			runOnlyForDeploymentPostprocessing = 0;
		};
		96B4B9F7260A21F1006A944C /* Resources */ = {
			isa = PBXResourcesBuildPhase;
			buildActionMask = 2147483647;
			files = (
			);
			runOnlyForDeploymentPostprocessing = 0;
		};
/* End PBXResourcesBuildPhase section */

/* Begin PBXSourcesBuildPhase section */
		96B4B9D4260A21F0006A944C /* Sources */ = {
			isa = PBXSourcesBuildPhase;
			buildActionMask = 2147483647;
			files = (
				96E1BD62260A4F1A00ED1430 /* RootViewModel.swift in Sources */,
				96E1BD47260A41FD00ED1430 /* WeatherRequest.swift in Sources */,
				96EB22C6260B7A1F00E38E9C /* WeekDayRepresentable.swift in Sources */,
				96A7BF72260A6687009178E9 /* CurrentWeather.swift in Sources */,
				96E1BD27260A323300ED1430 /* WeekViewController.swift in Sources */,
				96A7BF8C260AA605009178E9 /* ForeCastWeatherData.swift in Sources */,
				96A7BF81260AA551009178E9 /* WeekViewModel.swift in Sources */,
				96B4B9E0260A21F0006A944C /* RootViewController.swift in Sources */,
				96EB22BB260B6BBD00E38E9C /* WeekDayTableViewCell.swift in Sources */,
				96A7BF94260AA68E009178E9 /* ForecastWeather.swift in Sources */,
				96E1BD50260A447800ED1430 /* Configuration.swift in Sources */,
				96E1BD30260A32FE00ED1430 /* UIViewController.swift in Sources */,
				96B4B9DC260A21F0006A944C /* AppDelegate.swift in Sources */,
				96B4B9DE260A21F0006A944C /* SceneDelegate.swift in Sources */,
				96EB2288260B38AF00E38E9C /* Styles.swift in Sources */,
				96E1BD1E260A31E000ED1430 /* DayViewController.swift in Sources */,
				96EB22C0260B749800E38E9C /* WeekDayViewModel.swift in Sources */,
				96A7BF6A260A623F009178E9 /* CurrentWeatherData.swift in Sources */,
				96EB228D260B4EEC00E38E9C /* UIImage.swift in Sources */,
				96E1BD38260A336900ED1430 /* UIStoryboard.swift in Sources */,
				96A7BF78260AA4E4009178E9 /* DayViewModel.swift in Sources */,
			);
			runOnlyForDeploymentPostprocessing = 0;
		};
		96B4B9EA260A21F1006A944C /* Sources */ = {
			isa = PBXSourcesBuildPhase;
			buildActionMask = 2147483647;
			files = (
				96EB22B2260B5D7300E38E9C /* XCTestCase.swift in Sources */,
				96EB22A0260B5C0E00E38E9C /* DayViewModelTests.swift in Sources */,
			);
			runOnlyForDeploymentPostprocessing = 0;
		};
		96B4B9F5260A21F1006A944C /* Sources */ = {
			isa = PBXSourcesBuildPhase;
			buildActionMask = 2147483647;
			files = (
				96B4B9FE260A21F1006A944C /* RaintaculousUITests.swift in Sources */,
			);
			runOnlyForDeploymentPostprocessing = 0;
		};
/* End PBXSourcesBuildPhase section */

/* Begin PBXTargetDependency section */
		96B4B9F0260A21F1006A944C /* PBXTargetDependency */ = {
			isa = PBXTargetDependency;
			target = 96B4B9D7260A21F0006A944C /* Raintaculous */;
			targetProxy = 96B4B9EF260A21F1006A944C /* PBXContainerItemProxy */;
		};
		96B4B9FB260A21F1006A944C /* PBXTargetDependency */ = {
			isa = PBXTargetDependency;
			target = 96B4B9D7260A21F0006A944C /* Raintaculous */;
			targetProxy = 96B4B9FA260A21F1006A944C /* PBXContainerItemProxy */;
		};
/* End PBXTargetDependency section */

/* Begin PBXVariantGroup section */
		96B4B9E1260A21F0006A944C /* Main.storyboard */ = {
			isa = PBXVariantGroup;
			children = (
				96B4B9E2260A21F0006A944C /* Base */,
			);
			name = Main.storyboard;
			sourceTree = "<group>";
		};
		96B4B9E6260A21F0006A944C /* LaunchScreen.storyboard */ = {
			isa = PBXVariantGroup;
			children = (
				96B4B9E7260A21F0006A944C /* Base */,
			);
			name = LaunchScreen.storyboard;
			sourceTree = "<group>";
		};
/* End PBXVariantGroup section */

/* Begin XCBuildConfiguration section */
		96B4BA00260A21F1006A944C /* Debug */ = {
			isa = XCBuildConfiguration;
			buildSettings = {
				ALWAYS_SEARCH_USER_PATHS = NO;
				CLANG_ANALYZER_NONNULL = YES;
				CLANG_ANALYZER_NUMBER_OBJECT_CONVERSION = YES_AGGRESSIVE;
				CLANG_CXX_LANGUAGE_STANDARD = "gnu++14";
				CLANG_CXX_LIBRARY = "libc++";
				CLANG_ENABLE_MODULES = YES;
				CLANG_ENABLE_OBJC_ARC = YES;
				CLANG_ENABLE_OBJC_WEAK = YES;
				CLANG_WARN_BLOCK_CAPTURE_AUTORELEASING = YES;
				CLANG_WARN_BOOL_CONVERSION = YES;
				CLANG_WARN_COMMA = YES;
				CLANG_WARN_CONSTANT_CONVERSION = YES;
				CLANG_WARN_DEPRECATED_OBJC_IMPLEMENTATIONS = YES;
				CLANG_WARN_DIRECT_OBJC_ISA_USAGE = YES_ERROR;
				CLANG_WARN_DOCUMENTATION_COMMENTS = YES;
				CLANG_WARN_EMPTY_BODY = YES;
				CLANG_WARN_ENUM_CONVERSION = YES;
				CLANG_WARN_INFINITE_RECURSION = YES;
				CLANG_WARN_INT_CONVERSION = YES;
				CLANG_WARN_NON_LITERAL_NULL_CONVERSION = YES;
				CLANG_WARN_OBJC_IMPLICIT_RETAIN_SELF = YES;
				CLANG_WARN_OBJC_LITERAL_CONVERSION = YES;
				CLANG_WARN_OBJC_ROOT_CLASS = YES_ERROR;
				CLANG_WARN_QUOTED_INCLUDE_IN_FRAMEWORK_HEADER = YES;
				CLANG_WARN_RANGE_LOOP_ANALYSIS = YES;
				CLANG_WARN_STRICT_PROTOTYPES = YES;
				CLANG_WARN_SUSPICIOUS_MOVE = YES;
				CLANG_WARN_UNGUARDED_AVAILABILITY = YES_AGGRESSIVE;
				CLANG_WARN_UNREACHABLE_CODE = YES;
				CLANG_WARN__DUPLICATE_METHOD_MATCH = YES;
				COPY_PHASE_STRIP = NO;
				DEBUG_INFORMATION_FORMAT = dwarf;
				ENABLE_STRICT_OBJC_MSGSEND = YES;
				ENABLE_TESTABILITY = YES;
				GCC_C_LANGUAGE_STANDARD = gnu11;
				GCC_DYNAMIC_NO_PIC = NO;
				GCC_NO_COMMON_BLOCKS = YES;
				GCC_OPTIMIZATION_LEVEL = 0;
				GCC_PREPROCESSOR_DEFINITIONS = (
					"DEBUG=1",
					"$(inherited)",
				);
				GCC_WARN_64_TO_32_BIT_CONVERSION = YES;
				GCC_WARN_ABOUT_RETURN_TYPE = YES_ERROR;
				GCC_WARN_UNDECLARED_SELECTOR = YES;
				GCC_WARN_UNINITIALIZED_AUTOS = YES_AGGRESSIVE;
				GCC_WARN_UNUSED_FUNCTION = YES;
				GCC_WARN_UNUSED_VARIABLE = YES;
				IPHONEOS_DEPLOYMENT_TARGET = 9.0;
				MTL_ENABLE_DEBUG_INFO = INCLUDE_SOURCE;
				MTL_FAST_MATH = YES;
				ONLY_ACTIVE_ARCH = YES;
				SDKROOT = iphoneos;
				SWIFT_ACTIVE_COMPILATION_CONDITIONS = DEBUG;
				SWIFT_OPTIMIZATION_LEVEL = "-Onone";
			};
			name = Debug;
		};
		96B4BA01260A21F1006A944C /* Release */ = {
			isa = XCBuildConfiguration;
			buildSettings = {
				ALWAYS_SEARCH_USER_PATHS = NO;
				CLANG_ANALYZER_NONNULL = YES;
				CLANG_ANALYZER_NUMBER_OBJECT_CONVERSION = YES_AGGRESSIVE;
				CLANG_CXX_LANGUAGE_STANDARD = "gnu++14";
				CLANG_CXX_LIBRARY = "libc++";
				CLANG_ENABLE_MODULES = YES;
				CLANG_ENABLE_OBJC_ARC = YES;
				CLANG_ENABLE_OBJC_WEAK = YES;
				CLANG_WARN_BLOCK_CAPTURE_AUTORELEASING = YES;
				CLANG_WARN_BOOL_CONVERSION = YES;
				CLANG_WARN_COMMA = YES;
				CLANG_WARN_CONSTANT_CONVERSION = YES;
				CLANG_WARN_DEPRECATED_OBJC_IMPLEMENTATIONS = YES;
				CLANG_WARN_DIRECT_OBJC_ISA_USAGE = YES_ERROR;
				CLANG_WARN_DOCUMENTATION_COMMENTS = YES;
				CLANG_WARN_EMPTY_BODY = YES;
				CLANG_WARN_ENUM_CONVERSION = YES;
				CLANG_WARN_INFINITE_RECURSION = YES;
				CLANG_WARN_INT_CONVERSION = YES;
				CLANG_WARN_NON_LITERAL_NULL_CONVERSION = YES;
				CLANG_WARN_OBJC_IMPLICIT_RETAIN_SELF = YES;
				CLANG_WARN_OBJC_LITERAL_CONVERSION = YES;
				CLANG_WARN_OBJC_ROOT_CLASS = YES_ERROR;
				CLANG_WARN_QUOTED_INCLUDE_IN_FRAMEWORK_HEADER = YES;
				CLANG_WARN_RANGE_LOOP_ANALYSIS = YES;
				CLANG_WARN_STRICT_PROTOTYPES = YES;
				CLANG_WARN_SUSPICIOUS_MOVE = YES;
				CLANG_WARN_UNGUARDED_AVAILABILITY = YES_AGGRESSIVE;
				CLANG_WARN_UNREACHABLE_CODE = YES;
				CLANG_WARN__DUPLICATE_METHOD_MATCH = YES;
				COPY_PHASE_STRIP = NO;
				DEBUG_INFORMATION_FORMAT = "dwarf-with-dsym";
				ENABLE_NS_ASSERTIONS = NO;
				ENABLE_STRICT_OBJC_MSGSEND = YES;
				GCC_C_LANGUAGE_STANDARD = gnu11;
				GCC_NO_COMMON_BLOCKS = YES;
				GCC_WARN_64_TO_32_BIT_CONVERSION = YES;
				GCC_WARN_ABOUT_RETURN_TYPE = YES_ERROR;
				GCC_WARN_UNDECLARED_SELECTOR = YES;
				GCC_WARN_UNINITIALIZED_AUTOS = YES_AGGRESSIVE;
				GCC_WARN_UNUSED_FUNCTION = YES;
				GCC_WARN_UNUSED_VARIABLE = YES;
				IPHONEOS_DEPLOYMENT_TARGET = 9.0;
				MTL_ENABLE_DEBUG_INFO = NO;
				MTL_FAST_MATH = YES;
				SDKROOT = iphoneos;
				SWIFT_COMPILATION_MODE = wholemodule;
				SWIFT_OPTIMIZATION_LEVEL = "-O";
				VALIDATE_PRODUCT = YES;
			};
			name = Release;
		};
		96B4BA03260A21F1006A944C /* Debug */ = {
			isa = XCBuildConfiguration;
			buildSettings = {
				ASSETCATALOG_COMPILER_APPICON_NAME = AppIcon;
				ASSETCATALOG_COMPILER_GLOBAL_ACCENT_COLOR_NAME = AccentColor;
				CODE_SIGN_STYLE = Automatic;
				DEVELOPMENT_TEAM = 5P662H3S28;
				INFOPLIST_FILE = "$(SRCROOT)/Raintaculous/Supporting Files/Info.plist";
				LD_RUNPATH_SEARCH_PATHS = (
					"$(inherited)",
					"@executable_path/Frameworks",
				);
				PRODUCT_BUNDLE_IDENTIFIER = net.bulamu.Raintaculous;
				PRODUCT_NAME = "$(TARGET_NAME)";
				SWIFT_VERSION = 5.0;
				TARGETED_DEVICE_FAMILY = "1,2";
			};
			name = Debug;
		};
		96B4BA04260A21F1006A944C /* Release */ = {
			isa = XCBuildConfiguration;
			buildSettings = {
				ASSETCATALOG_COMPILER_APPICON_NAME = AppIcon;
				ASSETCATALOG_COMPILER_GLOBAL_ACCENT_COLOR_NAME = AccentColor;
				CODE_SIGN_STYLE = Automatic;
				DEVELOPMENT_TEAM = 5P662H3S28;
				INFOPLIST_FILE = "$(SRCROOT)/Raintaculous/Supporting Files/Info.plist";
				LD_RUNPATH_SEARCH_PATHS = (
					"$(inherited)",
					"@executable_path/Frameworks",
				);
				PRODUCT_BUNDLE_IDENTIFIER = net.bulamu.Raintaculous;
				PRODUCT_NAME = "$(TARGET_NAME)";
				SWIFT_VERSION = 5.0;
				TARGETED_DEVICE_FAMILY = "1,2";
			};
			name = Release;
		};
		96B4BA06260A21F1006A944C /* Debug */ = {
			isa = XCBuildConfiguration;
			buildSettings = {
				ALWAYS_EMBED_SWIFT_STANDARD_LIBRARIES = YES;
				BUNDLE_LOADER = "$(TEST_HOST)";
				CLANG_ENABLE_MODULES = YES;
				CODE_SIGN_STYLE = Automatic;
				DEVELOPMENT_TEAM = 5P662H3S28;
				INFOPLIST_FILE = "RaintaculousTests/Supporting Files/Info.plist";
				IPHONEOS_DEPLOYMENT_TARGET = 14.4;
				LD_RUNPATH_SEARCH_PATHS = (
					"$(inherited)",
					"@executable_path/Frameworks",
					"@loader_path/Frameworks",
				);
				PRODUCT_BUNDLE_IDENTIFIER = net.bulamu.RaintaculousTests;
				PRODUCT_NAME = "$(TARGET_NAME)";
				SWIFT_OPTIMIZATION_LEVEL = "-Onone";
				SWIFT_VERSION = 5.0;
				TARGETED_DEVICE_FAMILY = "1,2";
				TEST_HOST = "$(BUILT_PRODUCTS_DIR)/Raintaculous.app/Raintaculous";
			};
			name = Debug;
		};
		96B4BA07260A21F1006A944C /* Release */ = {
			isa = XCBuildConfiguration;
			buildSettings = {
				ALWAYS_EMBED_SWIFT_STANDARD_LIBRARIES = YES;
				BUNDLE_LOADER = "$(TEST_HOST)";
				CLANG_ENABLE_MODULES = YES;
				CODE_SIGN_STYLE = Automatic;
				DEVELOPMENT_TEAM = 5P662H3S28;
				INFOPLIST_FILE = "RaintaculousTests/Supporting Files/Info.plist";
				IPHONEOS_DEPLOYMENT_TARGET = 14.4;
				LD_RUNPATH_SEARCH_PATHS = (
					"$(inherited)",
					"@executable_path/Frameworks",
					"@loader_path/Frameworks",
				);
				PRODUCT_BUNDLE_IDENTIFIER = net.bulamu.RaintaculousTests;
				PRODUCT_NAME = "$(TARGET_NAME)";
				SWIFT_VERSION = 5.0;
				TARGETED_DEVICE_FAMILY = "1,2";
				TEST_HOST = "$(BUILT_PRODUCTS_DIR)/Raintaculous.app/Raintaculous";
			};
			name = Release;
		};
		96B4BA09260A21F1006A944C /* Debug */ = {
			isa = XCBuildConfiguration;
			buildSettings = {
				ALWAYS_EMBED_SWIFT_STANDARD_LIBRARIES = YES;
				CODE_SIGN_STYLE = Automatic;
				DEVELOPMENT_TEAM = 5P662H3S28;
				INFOPLIST_FILE = RaintaculousUITests/Info.plist;
				LD_RUNPATH_SEARCH_PATHS = (
					"$(inherited)",
					"@executable_path/Frameworks",
					"@loader_path/Frameworks",
				);
				PRODUCT_BUNDLE_IDENTIFIER = net.bulamu.RaintaculousUITests;
				PRODUCT_NAME = "$(TARGET_NAME)";
				SWIFT_VERSION = 5.0;
				TARGETED_DEVICE_FAMILY = "1,2";
				TEST_TARGET_NAME = Raintaculous;
			};
			name = Debug;
		};
		96B4BA0A260A21F1006A944C /* Release */ = {
			isa = XCBuildConfiguration;
			buildSettings = {
				ALWAYS_EMBED_SWIFT_STANDARD_LIBRARIES = YES;
				CODE_SIGN_STYLE = Automatic;
				DEVELOPMENT_TEAM = 5P662H3S28;
				INFOPLIST_FILE = RaintaculousUITests/Info.plist;
				LD_RUNPATH_SEARCH_PATHS = (
					"$(inherited)",
					"@executable_path/Frameworks",
					"@loader_path/Frameworks",
				);
				PRODUCT_BUNDLE_IDENTIFIER = net.bulamu.RaintaculousUITests;
				PRODUCT_NAME = "$(TARGET_NAME)";
				SWIFT_VERSION = 5.0;
				TARGETED_DEVICE_FAMILY = "1,2";
				TEST_TARGET_NAME = Raintaculous;
			};
			name = Release;
		};
/* End XCBuildConfiguration section */

/* Begin XCConfigurationList section */
		96B4B9D3260A21F0006A944C /* Build configuration list for PBXProject "Raintaculous" */ = {
			isa = XCConfigurationList;
			buildConfigurations = (
				96B4BA00260A21F1006A944C /* Debug */,
				96B4BA01260A21F1006A944C /* Release */,
			);
			defaultConfigurationIsVisible = 0;
			defaultConfigurationName = Release;
		};
		96B4BA02260A21F1006A944C /* Build configuration list for PBXNativeTarget "Raintaculous" */ = {
			isa = XCConfigurationList;
			buildConfigurations = (
				96B4BA03260A21F1006A944C /* Debug */,
				96B4BA04260A21F1006A944C /* Release */,
			);
			defaultConfigurationIsVisible = 0;
			defaultConfigurationName = Release;
		};
		96B4BA05260A21F1006A944C /* Build configuration list for PBXNativeTarget "RaintaculousTests" */ = {
			isa = XCConfigurationList;
			buildConfigurations = (
				96B4BA06260A21F1006A944C /* Debug */,
				96B4BA07260A21F1006A944C /* Release */,
			);
			defaultConfigurationIsVisible = 0;
			defaultConfigurationName = Release;
		};
		96B4BA08260A21F1006A944C /* Build configuration list for PBXNativeTarget "RaintaculousUITests" */ = {
			isa = XCConfigurationList;
			buildConfigurations = (
				96B4BA09260A21F1006A944C /* Debug */,
				96B4BA0A260A21F1006A944C /* Release */,
			);
			defaultConfigurationIsVisible = 0;
			defaultConfigurationName = Release;
		};
/* End XCConfigurationList section */
	};
	rootObject = 96B4B9D0260A21F0006A944C /* Project object */;
}
